
Microsoft Visual Studio Solution File, Format Version 12.00
# Visual Studio Version 17
VisualStudioVersion = 17.2.32630.192
MinimumVisualStudioVersion = 10.0.40219.1
Project("{FAE04EC0-301F-11D3-BF4B-00C04F79EFBC}") = "JWTAuthorization", "JWTAuthorization.csproj", "{6E845D6A-38CD-4BBA-A245-7D35FBBAB800}"
EndProject
Global
	GlobalSection(SolutionConfigurationPlatforms) = preSolution
		Debug|Any CPU = Debug|Any CPU
		Release|Any CPU = Release|Any CPU
	EndGlobalSection
	GlobalSection(ProjectConfigurationPlatforms) = postSolution
		{6E845D6A-38CD-4BBA-A245-7D35FBBAB800}.Debug|Any CPU.ActiveCfg = Debug|Any CPU
		{6E845D6A-38CD-4BBA-A245-7D35FBBAB800}.Debug|Any CPU.Build.0 = Debug|Any CPU
		{6E845D6A-38CD-4BBA-A245-7D35FBBAB800}.Release|Any CPU.ActiveCfg = Release|Any CPU
		{6E845D6A-38CD-4BBA-A245-7D35FBBAB800}.Release|Any CPU.Build.0 = Release|Any CPU
	EndGlobalSection
	GlobalSection(SolutionProperties) = preSolution
		HideSolutionNode = FALSE
	EndGlobalSection
	GlobalSection(ExtensibilityGlobals) = postSolution
		SolutionGuid = {7EE6985F-354E-41EE-8581-C0DD326AB655}
	EndGlobalSection
EndGlobal
